// !$*UTF8*$!
{
	archiveVersion = 1;
	classes = {
	};
	objectVersion = 55;
	objects = {

/* Begin PBXBuildFile section */
		907E059A281BAE3400252F1A /* MVVMPracticeApp.swift in Sources */ = {isa = PBXBuildFile; fileRef = 907E058A281BAE3200252F1A /* MVVMPracticeApp.swift */; };
		907E059B281BAE3400252F1A /* MVVMPracticeApp.swift in Sources */ = {isa = PBXBuildFile; fileRef = 907E058A281BAE3200252F1A /* MVVMPracticeApp.swift */; };
		907E059C281BAE3400252F1A /* ContentView.swift in Sources */ = {isa = PBXBuildFile; fileRef = 907E058B281BAE3200252F1A /* ContentView.swift */; };
		907E059D281BAE3400252F1A /* ContentView.swift in Sources */ = {isa = PBXBuildFile; fileRef = 907E058B281BAE3200252F1A /* ContentView.swift */; };
		907E059E281BAE3400252F1A /* Assets.xcassets in Resources */ = {isa = PBXBuildFile; fileRef = 907E058C281BAE3400252F1A /* Assets.xcassets */; };
		907E059F281BAE3400252F1A /* Assets.xcassets in Resources */ = {isa = PBXBuildFile; fileRef = 907E058C281BAE3400252F1A /* Assets.xcassets */; };
		907E05AC281BAF3B00252F1A /* Counter.swift in Sources */ = {isa = PBXBuildFile; fileRef = 907E05AB281BAF3B00252F1A /* Counter.swift */; };
		907E05AE281BAFB600252F1A /* CounterViewModel.swift in Sources */ = {isa = PBXBuildFile; fileRef = 907E05AD281BAFB600252F1A /* CounterViewModel.swift */; };
/* End PBXBuildFile section */

/* Begin PBXFileReference section */
		907E058A281BAE3200252F1A /* MVVMPracticeApp.swift */ = {isa = PBXFileReference; lastKnownFileType = sourcecode.swift; path = MVVMPracticeApp.swift; sourceTree = "<group>"; };
		907E058B281BAE3200252F1A /* ContentView.swift */ = {isa = PBXFileReference; lastKnownFileType = sourcecode.swift; path = ContentView.swift; sourceTree = "<group>"; };
		907E058C281BAE3400252F1A /* Assets.xcassets */ = {isa = PBXFileReference; lastKnownFileType = folder.assetcatalog; path = Assets.xcassets; sourceTree = "<group>"; };
		907E0591281BAE3400252F1A /* MVVM Practice.app */ = {isa = PBXFileReference; explicitFileType = wrapper.application; includeInIndex = 0; path = "MVVM Practice.app"; sourceTree = BUILT_PRODUCTS_DIR; };
		907E0597281BAE3400252F1A /* MVVM Practice.app */ = {isa = PBXFileReference; explicitFileType = wrapper.application; includeInIndex = 0; path = "MVVM Practice.app"; sourceTree = BUILT_PRODUCTS_DIR; };
		907E0599281BAE3400252F1A /* macOS.entitlements */ = {isa = PBXFileReference; lastKnownFileType = text.plist.entitlements; path = macOS.entitlements; sourceTree = "<group>"; };
		907E05AB281BAF3B00252F1A /* Counter.swift */ = {isa = PBXFileReference; lastKnownFileType = sourcecode.swift; path = Counter.swift; sourceTree = "<group>"; };
		907E05AD281BAFB600252F1A /* CounterViewModel.swift */ = {isa = PBXFileReference; lastKnownFileType = sourcecode.swift; path = CounterViewModel.swift; sourceTree = "<group>"; };
/* End PBXFileReference section */

/* Begin PBXFrameworksBuildPhase section */
		907E058E281BAE3400252F1A /* Frameworks */ = {
			isa = PBXFrameworksBuildPhase;
			buildActionMask = 2147483647;
			files = (
			);
			runOnlyForDeploymentPostprocessing = 0;
		};
		907E0594281BAE3400252F1A /* Frameworks */ = {
			isa = PBXFrameworksBuildPhase;
			buildActionMask = 2147483647;
			files = (
			);
			runOnlyForDeploymentPostprocessing = 0;
		};
/* End PBXFrameworksBuildPhase section */

/* Begin PBXGroup section */
		907E0584281BAE3100252F1A = {
			isa = PBXGroup;
			children = (
				907E0589281BAE3200252F1A /* Shared */,
				907E0598281BAE3400252F1A /* macOS */,
				907E0592281BAE3400252F1A /* Products */,
			);
			sourceTree = "<group>";
		};
		907E0589281BAE3200252F1A /* Shared */ = {
			isa = PBXGroup;
			children = (
				907E05AA281BAE5100252F1A /* App */,
				907E05A9281BAE4C00252F1A /* Models */,
				907E05A8281BAE4600252F1A /* Views */,
			);
			path = Shared;
			sourceTree = "<group>";
		};
		907E0592281BAE3400252F1A /* Products */ = {
			isa = PBXGroup;
			children = (
				907E0591281BAE3400252F1A /* MVVM Practice.app */,
				907E0597281BAE3400252F1A /* MVVM Practice.app */,
			);
			name = Products;
			sourceTree = "<group>";
		};
		907E0598281BAE3400252F1A /* macOS */ = {
			isa = PBXGroup;
			children = (
				907E0599281BAE3400252F1A /* macOS.entitlements */,
			);
			path = macOS;
			sourceTree = "<group>";
		};
		907E05A8281BAE4600252F1A /* Views */ = {
			isa = PBXGroup;
			children = (
				907E058B281BAE3200252F1A /* ContentView.swift */,
			);
			path = Views;
			sourceTree = "<group>";
		};
		907E05A9281BAE4C00252F1A /* Models */ = {
			isa = PBXGroup;
			children = (
				907E05AB281BAF3B00252F1A /* Counter.swift */,
				907E05AD281BAFB600252F1A /* CounterViewModel.swift */,
			);
			path = Models;
			sourceTree = "<group>";
		};
		907E05AA281BAE5100252F1A /* App */ = {
			isa = PBXGroup;
			children = (
				907E058C281BAE3400252F1A /* Assets.xcassets */,
				907E058A281BAE3200252F1A /* MVVMPracticeApp.swift */,
			);
			path = App;
			sourceTree = "<group>";
		};
/* End PBXGroup section */

/* Begin PBXNativeTarget section */
		907E0590281BAE3400252F1A /* MVVM Practice (iOS) */ = {
			isa = PBXNativeTarget;
			buildConfigurationList = 907E05A2281BAE3400252F1A /* Build configuration list for PBXNativeTarget "MVVM Practice (iOS)" */;
			buildPhases = (
				907E058D281BAE3400252F1A /* Sources */,
				907E058E281BAE3400252F1A /* Frameworks */,
				907E058F281BAE3400252F1A /* Resources */,
			);
			buildRules = (
			);
			dependencies = (
			);
			name = "MVVM Practice (iOS)";
			productName = "MVVMPractice (iOS)";
			productReference = 907E0591281BAE3400252F1A /* MVVM Practice.app */;
			productType = "com.apple.product-type.application";
		};
		907E0596281BAE3400252F1A /* MVVM Practice (macOS) */ = {
			isa = PBXNativeTarget;
			buildConfigurationList = 907E05A5281BAE3400252F1A /* Build configuration list for PBXNativeTarget "MVVM Practice (macOS)" */;
			buildPhases = (
				907E0593281BAE3400252F1A /* Sources */,
				907E0594281BAE3400252F1A /* Frameworks */,
				907E0595281BAE3400252F1A /* Resources */,
			);
			buildRules = (
			);
			dependencies = (
			);
			name = "MVVM Practice (macOS)";
			productName = "MVVMPractice (macOS)";
			productReference = 907E0597281BAE3400252F1A /* MVVM Practice.app */;
			productType = "com.apple.product-type.application";
		};
/* End PBXNativeTarget section */

/* Begin PBXProject section */
		907E0585281BAE3100252F1A /* Project object */ = {
			isa = PBXProject;
			attributes = {
				BuildIndependentTargetsInParallel = 1;
				LastSwiftUpdateCheck = 1330;
				LastUpgradeCheck = 1330;
				TargetAttributes = {
					907E0590281BAE3400252F1A = {
						CreatedOnToolsVersion = 13.3.1;
					};
					907E0596281BAE3400252F1A = {
						CreatedOnToolsVersion = 13.3.1;
					};
				};
			};
			buildConfigurationList = 907E0588281BAE3100252F1A /* Build configuration list for PBXProject "MVVM Practice" */;
			compatibilityVersion = "Xcode 13.0";
			developmentRegion = en;
			hasScannedForEncodings = 0;
			knownRegions = (
				en,
				Base,
			);
			mainGroup = 907E0584281BAE3100252F1A;
			productRefGroup = 907E0592281BAE3400252F1A /* Products */;
			projectDirPath = "";
			projectRoot = "";
			targets = (
				907E0590281BAE3400252F1A /* MVVM Practice (iOS) */,
				907E0596281BAE3400252F1A /* MVVM Practice (macOS) */,
			);
		};
/* End PBXProject section */

/* Begin PBXResourcesBuildPhase section */
		907E058F281BAE3400252F1A /* Resources */ = {
			isa = PBXResourcesBuildPhase;
			buildActionMask = 2147483647;
			files = (
				907E059E281BAE3400252F1A /* Assets.xcassets in Resources */,
			);
			runOnlyForDeploymentPostprocessing = 0;
		};
		907E0595281BAE3400252F1A /* Resources */ = {
			isa = PBXResourcesBuildPhase;
			buildActionMask = 2147483647;
			files = (
				907E059F281BAE3400252F1A /* Assets.xcassets in Resources */,
			);
			runOnlyForDeploymentPostprocessing = 0;
		};
/* End PBXResourcesBuildPhase section */

/* Begin PBXSourcesBuildPhase section */
		907E058D281BAE3400252F1A /* Sources */ = {
			isa = PBXSourcesBuildPhase;
			buildActionMask = 2147483647;
			files = (
				907E05AC281BAF3B00252F1A /* Counter.swift in Sources */,
				907E05AE281BAFB600252F1A /* CounterViewModel.swift in Sources */,
				907E059C281BAE3400252F1A /* ContentView.swift in Sources */,
				907E059A281BAE3400252F1A /* MVVMPracticeApp.swift in Sources */,
			);
			runOnlyForDeploymentPostprocessing = 0;
		};
		907E0593281BAE3400252F1A /* Sources */ = {
			isa = PBXSourcesBuildPhase;
			buildActionMask = 2147483647;
			files = (
				907E059D281BAE3400252F1A /* ContentView.swift in Sources */,
				907E059B281BAE3400252F1A /* MVVMPracticeApp.swift in Sources */,
			);
			runOnlyForDeploymentPostprocessing = 0;
		};
/* End PBXSourcesBuildPhase section */

/* Begin XCBuildConfiguration section */
		907E05A0281BAE3400252F1A /* Debug */ = {
			isa = XCBuildConfiguration;
			buildSettings = {
				ALWAYS_SEARCH_USER_PATHS = NO;
				CLANG_ANALYZER_NONNULL = YES;
				CLANG_ANALYZER_NUMBER_OBJECT_CONVERSION = YES_AGGRESSIVE;
				CLANG_CXX_LANGUAGE_STANDARD = "gnu++17";
				CLANG_ENABLE_MODULES = YES;
				CLANG_ENABLE_OBJC_ARC = YES;
				CLANG_ENABLE_OBJC_WEAK = YES;
				CLANG_WARN_BLOCK_CAPTURE_AUTORELEASING = YES;
				CLANG_WARN_BOOL_CONVERSION = YES;
				CLANG_WARN_COMMA = YES;
				CLANG_WARN_CONSTANT_CONVERSION = YES;
				CLANG_WARN_DEPRECATED_OBJC_IMPLEMENTATIONS = YES;
				CLANG_WARN_DIRECT_OBJC_ISA_USAGE = YES_ERROR;
				CLANG_WARN_DOCUMENTATION_COMMENTS = YES;
				CLANG_WARN_EMPTY_BODY = YES;
				CLANG_WARN_ENUM_CONVERSION = YES;
				CLANG_WARN_INFINITE_RECURSION = YES;
				CLANG_WARN_INT_CONVERSION = YES;
				CLANG_WARN_NON_LITERAL_NULL_CONVERSION = YES;
				CLANG_WARN_OBJC_IMPLICIT_RETAIN_SELF = YES;
				CLANG_WARN_OBJC_LITERAL_CONVERSION = YES;
				CLANG_WARN_OBJC_ROOT_CLASS = YES_ERROR;
				CLANG_WARN_QUOTED_INCLUDE_IN_FRAMEWORK_HEADER = YES;
				CLANG_WARN_RANGE_LOOP_ANALYSIS = YES;
				CLANG_WARN_STRICT_PROTOTYPES = YES;
				CLANG_WARN_SUSPICIOUS_MOVE = YES;
				CLANG_WARN_UNGUARDED_AVAILABILITY = YES_AGGRESSIVE;
				CLANG_WARN_UNREACHABLE_CODE = YES;
				CLANG_WARN__DUPLICATE_METHOD_MATCH = YES;
				COPY_PHASE_STRIP = NO;
				DEBUG_INFORMATION_FORMAT = dwarf;
				ENABLE_STRICT_OBJC_MSGSEND = YES;
				ENABLE_TESTABILITY = YES;
				GCC_C_LANGUAGE_STANDARD = gnu11;
				GCC_DYNAMIC_NO_PIC = NO;
				GCC_NO_COMMON_BLOCKS = YES;
				GCC_OPTIMIZATION_LEVEL = 0;
				GCC_PREPROCESSOR_DEFINITIONS = (
					"DEBUG=1",
					"$(inherited)",
				);
				GCC_WARN_64_TO_32_BIT_CONVERSION = YES;
				GCC_WARN_ABOUT_RETURN_TYPE = YES_ERROR;
				GCC_WARN_UNDECLARED_SELECTOR = YES;
				GCC_WARN_UNINITIALIZED_AUTOS = YES_AGGRESSIVE;
				GCC_WARN_UNUSED_FUNCTION = YES;
				GCC_WARN_UNUSED_VARIABLE = YES;
				IPHONEOS_DEPLOYMENT_TARGET = 15.4;
				MACOSX_DEPLOYMENT_TARGET = 12.3;
				MTL_ENABLE_DEBUG_INFO = INCLUDE_SOURCE;
				MTL_FAST_MATH = YES;
				ONLY_ACTIVE_ARCH = YES;
				SWIFT_ACTIVE_COMPILATION_CONDITIONS = DEBUG;
				SWIFT_OPTIMIZATION_LEVEL = "-Onone";
			};
			name = Debug;
		};
		907E05A1281BAE3400252F1A /* Release */ = {
			isa = XCBuildConfiguration;
			buildSettings = {
				ALWAYS_SEARCH_USER_PATHS = NO;
				CLANG_ANALYZER_NONNULL = YES;
				CLANG_ANALYZER_NUMBER_OBJECT_CONVERSION = YES_AGGRESSIVE;
				CLANG_CXX_LANGUAGE_STANDARD = "gnu++17";
				CLANG_ENABLE_MODULES = YES;
				CLANG_ENABLE_OBJC_ARC = YES;
				CLANG_ENABLE_OBJC_WEAK = YES;
				CLANG_WARN_BLOCK_CAPTURE_AUTORELEASING = YES;
				CLANG_WARN_BOOL_CONVERSION = YES;
				CLANG_WARN_COMMA = YES;
				CLANG_WARN_CONSTANT_CONVERSION = YES;
				CLANG_WARN_DEPRECATED_OBJC_IMPLEMENTATIONS = YES;
				CLANG_WARN_DIRECT_OBJC_ISA_USAGE = YES_ERROR;
				CLANG_WARN_DOCUMENTATION_COMMENTS = YES;
				CLANG_WARN_EMPTY_BODY = YES;
				CLANG_WARN_ENUM_CONVERSION = YES;
				CLANG_WARN_INFINITE_RECURSION = YES;
				CLANG_WARN_INT_CONVERSION = YES;
				CLANG_WARN_NON_LITERAL_NULL_CONVERSION = YES;
				CLANG_WARN_OBJC_IMPLICIT_RETAIN_SELF = YES;
				CLANG_WARN_OBJC_LITERAL_CONVERSION = YES;
				CLANG_WARN_OBJC_ROOT_CLASS = YES_ERROR;
				CLANG_WARN_QUOTED_INCLUDE_IN_FRAMEWORK_HEADER = YES;
				CLANG_WARN_RANGE_LOOP_ANALYSIS = YES;
				CLANG_WARN_STRICT_PROTOTYPES = YES;
				CLANG_WARN_SUSPICIOUS_MOVE = YES;
				CLANG_WARN_UNGUARDED_AVAILABILITY = YES_AGGRESSIVE;
				CLANG_WARN_UNREACHABLE_CODE = YES;
				CLANG_WARN__DUPLICATE_METHOD_MATCH = YES;
				COPY_PHASE_STRIP = NO;
				DEBUG_INFORMATION_FORMAT = "dwarf-with-dsym";
				ENABLE_NS_ASSERTIONS = NO;
				ENABLE_STRICT_OBJC_MSGSEND = YES;
				GCC_C_LANGUAGE_STANDARD = gnu11;
				GCC_NO_COMMON_BLOCKS = YES;
				GCC_WARN_64_TO_32_BIT_CONVERSION = YES;
				GCC_WARN_ABOUT_RETURN_TYPE = YES_ERROR;
				GCC_WARN_UNDECLARED_SELECTOR = YES;
				GCC_WARN_UNINITIALIZED_AUTOS = YES_AGGRESSIVE;
				GCC_WARN_UNUSED_FUNCTION = YES;
				GCC_WARN_UNUSED_VARIABLE = YES;
				IPHONEOS_DEPLOYMENT_TARGET = 15.4;
				MACOSX_DEPLOYMENT_TARGET = 12.3;
				MTL_ENABLE_DEBUG_INFO = NO;
				MTL_FAST_MATH = YES;
				SWIFT_COMPILATION_MODE = wholemodule;
				SWIFT_OPTIMIZATION_LEVEL = "-O";
			};
			name = Release;
		};
		907E05A3281BAE3400252F1A /* Debug */ = {
			isa = XCBuildConfiguration;
			buildSettings = {
				ASSETCATALOG_COMPILER_APPICON_NAME = AppIcon;
				ASSETCATALOG_COMPILER_GLOBAL_ACCENT_COLOR_NAME = AccentColor;
				CODE_SIGN_STYLE = Automatic;
				CURRENT_PROJECT_VERSION = 1;
				DEVELOPMENT_TEAM = 862P2X6G9G;
				ENABLE_PREVIEWS = YES;
				GENERATE_INFOPLIST_FILE = YES;
				INFOPLIST_KEY_UIApplicationSceneManifest_Generation = YES;
				INFOPLIST_KEY_UIApplicationSupportsIndirectInputEvents = YES;
				INFOPLIST_KEY_UILaunchScreen_Generation = YES;
				INFOPLIST_KEY_UISupportedInterfaceOrientations_iPad = "UIInterfaceOrientationPortrait UIInterfaceOrientationPortraitUpsideDown UIInterfaceOrientationLandscapeLeft UIInterfaceOrientationLandscapeRight";
				INFOPLIST_KEY_UISupportedInterfaceOrientations_iPhone = "UIInterfaceOrientationPortrait UIInterfaceOrientationLandscapeLeft UIInterfaceOrientationLandscapeRight";
				IPHONEOS_DEPLOYMENT_TARGET = 15.4;
				LD_RUNPATH_SEARCH_PATHS = (
					"$(inherited)",
					"@executable_path/Frameworks",
				);
				MARKETING_VERSION = 1.0;
				PRODUCT_BUNDLE_IDENTIFIER = me.kim.jinwook.MVVMPractice;
				PRODUCT_NAME = "MVVM Practice";
				SDKROOT = iphoneos;
				SWIFT_EMIT_LOC_STRINGS = YES;
				SWIFT_VERSION = 5.0;
				TARGETED_DEVICE_FAMILY = "1,2";
			};
			name = Debug;
		};
		907E05A4281BAE3400252F1A /* Release */ = {
			isa = XCBuildConfiguration;
			buildSettings = {
				ASSETCATALOG_COMPILER_APPICON_NAME = AppIcon;
				ASSETCATALOG_COMPILER_GLOBAL_ACCENT_COLOR_NAME = AccentColor;
				CODE_SIGN_STYLE = Automatic;
				CURRENT_PROJECT_VERSION = 1;
				DEVELOPMENT_TEAM = 862P2X6G9G;
				ENABLE_PREVIEWS = YES;
				GENERATE_INFOPLIST_FILE = YES;
				INFOPLIST_KEY_UIApplicationSceneManifest_Generation = YES;
				INFOPLIST_KEY_UIApplicationSupportsIndirectInputEvents = YES;
				INFOPLIST_KEY_UILaunchScreen_Generation = YES;
				INFOPLIST_KEY_UISupportedInterfaceOrientations_iPad = "UIInterfaceOrientationPortrait UIInterfaceOrientationPortraitUpsideDown UIInterfaceOrientationLandscapeLeft UIInterfaceOrientationLandscapeRight";
				INFOPLIST_KEY_UISupportedInterfaceOrientations_iPhone = "UIInterfaceOrientationPortrait UIInterfaceOrientationLandscapeLeft UIInterfaceOrientationLandscapeRight";
				IPHONEOS_DEPLOYMENT_TARGET = 15.4;
				LD_RUNPATH_SEARCH_PATHS = (
					"$(inherited)",
					"@executable_path/Frameworks",
				);
				MARKETING_VERSION = 1.0;
				PRODUCT_BUNDLE_IDENTIFIER = me.kim.jinwook.MVVMPractice;
				PRODUCT_NAME = "MVVM Practice";
				SDKROOT = iphoneos;
				SWIFT_EMIT_LOC_STRINGS = YES;
				SWIFT_VERSION = 5.0;
				TARGETED_DEVICE_FAMILY = "1,2";
				VALIDATE_PRODUCT = YES;
			};
			name = Release;
		};
		907E05A6281BAE3400252F1A /* Debug */ = {
			isa = XCBuildConfiguration;
			buildSettings = {
				ASSETCATALOG_COMPILER_APPICON_NAME = AppIcon;
				ASSETCATALOG_COMPILER_GLOBAL_ACCENT_COLOR_NAME = AccentColor;
				CODE_SIGN_ENTITLEMENTS = macOS/macOS.entitlements;
				CODE_SIGN_STYLE = Automatic;
				COMBINE_HIDPI_IMAGES = YES;
				CURRENT_PROJECT_VERSION = 1;
				DEVELOPMENT_TEAM = 862P2X6G9G;
				ENABLE_HARDENED_RUNTIME = YES;
				ENABLE_PREVIEWS = YES;
				GENERATE_INFOPLIST_FILE = YES;
				INFOPLIST_KEY_NSHumanReadableCopyright = "";
				LD_RUNPATH_SEARCH_PATHS = (
					"$(inherited)",
					"@executable_path/../Frameworks",
				);
				MACOSX_DEPLOYMENT_TARGET = 12.3;
				MARKETING_VERSION = 1.0;
				PRODUCT_BUNDLE_IDENTIFIER = me.kim.jinwook.MVVMPractice;
				PRODUCT_NAME = "MVVM Practice";
				SDKROOT = macosx;
				SWIFT_EMIT_LOC_STRINGS = YES;
				SWIFT_VERSION = 5.0;
			};
			name = Debug;
		};
		907E05A7281BAE3400252F1A /* Release */ = {
			isa = XCBuildConfiguration;
			buildSettings = {
				ASSETCATALOG_COMPILER_APPICON_NAME = AppIcon;
				ASSETCATALOG_COMPILER_GLOBAL_ACCENT_COLOR_NAME = AccentColor;
				CODE_SIGN_ENTITLEMENTS = macOS/macOS.entitlements;
				CODE_SIGN_STYLE = Automatic;
				COMBINE_HIDPI_IMAGES = YES;
				CURRENT_PROJECT_VERSION = 1;
				DEVELOPMENT_TEAM = 862P2X6G9G;
				ENABLE_HARDENED_RUNTIME = YES;
				ENABLE_PREVIEWS = YES;
				GENERATE_INFOPLIST_FILE = YES;
				INFOPLIST_KEY_NSHumanReadableCopyright = "";
				LD_RUNPATH_SEARCH_PATHS = (
					"$(inherited)",
					"@executable_path/../Frameworks",
				);
				MACOSX_DEPLOYMENT_TARGET = 12.3;
				MARKETING_VERSION = 1.0;
				PRODUCT_BUNDLE_IDENTIFIER = me.kim.jinwook.MVVMPractice;
				PRODUCT_NAME = "MVVM Practice";
				SDKROOT = macosx;
				SWIFT_EMIT_LOC_STRINGS = YES;
				SWIFT_VERSION = 5.0;
			};
			name = Release;
		};
/* End XCBuildConfiguration section */

/* Begin XCConfigurationList section */
		907E0588281BAE3100252F1A /* Build configuration list for PBXProject "MVVM Practice" */ = {
			isa = XCConfigurationList;
			buildConfigurations = (
				907E05A0281BAE3400252F1A /* Debug */,
				907E05A1281BAE3400252F1A /* Release */,
			);
			defaultConfigurationIsVisible = 0;
			defaultConfigurationName = Release;
		};
		907E05A2281BAE3400252F1A /* Build configuration list for PBXNativeTarget "MVVM Practice (iOS)" */ = {
			isa = XCConfigurationList;
			buildConfigurations = (
				907E05A3281BAE3400252F1A /* Debug */,
				907E05A4281BAE3400252F1A /* Release */,
			);
			defaultConfigurationIsVisible = 0;
			defaultConfigurationName = Release;
		};
		907E05A5281BAE3400252F1A /* Build configuration list for PBXNativeTarget "MVVM Practice (macOS)" */ = {
			isa = XCConfigurationList;
			buildConfigurations = (
				907E05A6281BAE3400252F1A /* Debug */,
				907E05A7281BAE3400252F1A /* Release */,
			);
			defaultConfigurationIsVisible = 0;
			defaultConfigurationName = Release;
		};
/* End XCConfigurationList section */
	};
	rootObject = 907E0585281BAE3100252F1A /* Project object */;
}
